// !$*UTF8*$!
{
	archiveVersion = 1;
	classes = {
	};
	objectVersion = 56;
	objects = {

/* Begin PBXBuildFile section */
		0E0350B42994E14C00AEC8A2 /* collapseTests.swift in Sources */ = {isa = PBXBuildFile; fileRef = 0E0350B32994E14C00AEC8A2 /* collapseTests.swift */; };
		0E0350BA2994E40300AEC8A2 /* french.json in Resources */ = {isa = PBXBuildFile; fileRef = 0ED3C4E629920F4F005910CF /* french.json */; };
		0E0350BE29950B1A00AEC8A2 /* SettingsRepository.swift in Sources */ = {isa = PBXBuildFile; fileRef = 0E0350BD29950B1A00AEC8A2 /* SettingsRepository.swift */; };
		0E0350C02995A2A900AEC8A2 /* PercentCircleUIView.swift in Sources */ = {isa = PBXBuildFile; fileRef = 0E0350BF2995A2A900AEC8A2 /* PercentCircleUIView.swift */; };
		0E0350C22995B27A00AEC8A2 /* empty.json in Resources */ = {isa = PBXBuildFile; fileRef = 0E0350C12995B27A00AEC8A2 /* empty.json */; };
		0E0350C62995B52100AEC8A2 /* AllTopicsViewController.swift in Sources */ = {isa = PBXBuildFile; fileRef = 0E0350C52995B52100AEC8A2 /* AllTopicsViewController.swift */; };
		0E0350C92995DD7700AEC8A2 /* Class+WebLink.swift in Sources */ = {isa = PBXBuildFile; fileRef = 0E0350C82995DD7700AEC8A2 /* Class+WebLink.swift */; };
		0E0350CB2995E33A00AEC8A2 /* ScoreService.swift in Sources */ = {isa = PBXBuildFile; fileRef = 0E0350CA2995E33A00AEC8A2 /* ScoreService.swift */; };
		0E0350CD2996350E00AEC8A2 /* SettingsTableViewController.swift in Sources */ = {isa = PBXBuildFile; fileRef = 0E0350CC2996350E00AEC8A2 /* SettingsTableViewController.swift */; };
		0E161CEC299B0C9D00C61DEA /* SearchTableViewCell.swift in Sources */ = {isa = PBXBuildFile; fileRef = 0E161CEB299B0C9D00C61DEA /* SearchTableViewCell.swift */; };
		0E161CEE299B45FE00C61DEA /* Extension+UIViewController.swift in Sources */ = {isa = PBXBuildFile; fileRef = 0E161CED299B45FE00C61DEA /* Extension+UIViewController.swift */; };
		0E161CF6299B713A00C61DEA /* localized.strings in Resources */ = {isa = PBXBuildFile; fileRef = 0E161CF8299B713A00C61DEA /* localized.strings */; };
		0E161D04299D7D4F00C61DEA /* PremiumService.swift in Sources */ = {isa = PBXBuildFile; fileRef = 0E161D03299D7D4F00C61DEA /* PremiumService.swift */; };
		0E18B32E2996D8C5000F1A1F /* Constants.swift in Sources */ = {isa = PBXBuildFile; fileRef = 0E18B32D2996D8C5000F1A1F /* Constants.swift */; };
		0E18B3302996E613000F1A1F /* SettingsScheme.swift in Sources */ = {isa = PBXBuildFile; fileRef = 0E18B32F2996E613000F1A1F /* SettingsScheme.swift */; };
		0E18B3322996E929000F1A1F /* DisclaimerViewController.swift in Sources */ = {isa = PBXBuildFile; fileRef = 0E18B3312996E929000F1A1F /* DisclaimerViewController.swift */; };
		0E18B334299707D3000F1A1F /* Extension+String.swift in Sources */ = {isa = PBXBuildFile; fileRef = 0E18B333299707D3000F1A1F /* Extension+String.swift */; };
		0E18B33629974D69000F1A1F /* Mode.swift in Sources */ = {isa = PBXBuildFile; fileRef = 0E18B33529974D69000F1A1F /* Mode.swift */; };
		0E18B33829975399000F1A1F /* SettingsViewController.swift in Sources */ = {isa = PBXBuildFile; fileRef = 0E18B33729975399000F1A1F /* SettingsViewController.swift */; };
		0E18B33A29975741000F1A1F /* ThanksViewController.swift in Sources */ = {isa = PBXBuildFile; fileRef = 0E18B33929975741000F1A1F /* ThanksViewController.swift */; };
		0E18B33C29975F4D000F1A1F /* Class+Alert.swift in Sources */ = {isa = PBXBuildFile; fileRef = 0E18B33B29975F4D000F1A1F /* Class+Alert.swift */; };
		0E7F674D299E13CE006807EC /* ItemViewController.swift in Sources */ = {isa = PBXBuildFile; fileRef = 0E7F674C299E13CE006807EC /* ItemViewController.swift */; };
		0E7F6759299F12D9006807EC /* TextItemTableViewCell.swift in Sources */ = {isa = PBXBuildFile; fileRef = 0E7F6758299F12D9006807EC /* TextItemTableViewCell.swift */; };
		0E7F675B299F1C77006807EC /* BulletItemTableViewCell.swift in Sources */ = {isa = PBXBuildFile; fileRef = 0E7F675A299F1C77006807EC /* BulletItemTableViewCell.swift */; };
		0E7F675D299F1DA2006807EC /* ImageItemTableViewCell.swift in Sources */ = {isa = PBXBuildFile; fileRef = 0E7F675C299F1DA2006807EC /* ImageItemTableViewCell.swift */; };
		0E900623299DC89F00683094 /* JsonService.swift in Sources */ = {isa = PBXBuildFile; fileRef = 0ED3C4FE29932A4C005910CF /* JsonService.swift */; };
		0E900624299DC8D600683094 /* Topic+Json.swift in Sources */ = {isa = PBXBuildFile; fileRef = 0ED3C4FC299326B1005910CF /* Topic+Json.swift */; };
		0E900628299DD50D00683094 /* inprogress.json in Resources */ = {isa = PBXBuildFile; fileRef = 0E900627299DD50D00683094 /* inprogress.json */; };
		0E90062C299DE11800683094 /* thanks.json in Resources */ = {isa = PBXBuildFile; fileRef = 0E90062B299DE11800683094 /* thanks.json */; };
		0ED2E7D629983EE800BD5B0F /* TopicCollectionViewCell.swift in Sources */ = {isa = PBXBuildFile; fileRef = 0ED2E7D529983EE800BD5B0F /* TopicCollectionViewCell.swift */; };
		0ED2E7F82998C95200BD5B0F /* Extension+UILabel.swift in Sources */ = {isa = PBXBuildFile; fileRef = 0ED2E7F72998C95200BD5B0F /* Extension+UILabel.swift */; };
		0ED3390729999642006260AC /* PremiumViewController.swift in Sources */ = {isa = PBXBuildFile; fileRef = 0ED3390629999642006260AC /* PremiumViewController.swift */; };
		0ED3390B299A2DD5006260AC /* SearchViewController.swift in Sources */ = {isa = PBXBuildFile; fileRef = 0ED3390A299A2DD5006260AC /* SearchViewController.swift */; };
		0ED3C4C12992056E005910CF /* AppDelegate.swift in Sources */ = {isa = PBXBuildFile; fileRef = 0ED3C4C02992056E005910CF /* AppDelegate.swift */; };
		0ED3C4C32992056E005910CF /* SceneDelegate.swift in Sources */ = {isa = PBXBuildFile; fileRef = 0ED3C4C22992056E005910CF /* SceneDelegate.swift */; };
		0ED3C4C52992056E005910CF /* MainViewController.swift in Sources */ = {isa = PBXBuildFile; fileRef = 0ED3C4C42992056E005910CF /* MainViewController.swift */; };
		0ED3C4C82992056E005910CF /* Main.storyboard in Resources */ = {isa = PBXBuildFile; fileRef = 0ED3C4C62992056E005910CF /* Main.storyboard */; };
		0ED3C4CB2992056E005910CF /* collapse.xcdatamodeld in Sources */ = {isa = PBXBuildFile; fileRef = 0ED3C4C92992056E005910CF /* collapse.xcdatamodeld */; };
		0ED3C4CD2992056F005910CF /* Assets.xcassets in Resources */ = {isa = PBXBuildFile; fileRef = 0ED3C4CC2992056F005910CF /* Assets.xcassets */; };
		0ED3C4D02992056F005910CF /* LaunchScreen.storyboard in Resources */ = {isa = PBXBuildFile; fileRef = 0ED3C4CE2992056F005910CF /* LaunchScreen.storyboard */; };
		0ED3C4E729920F4F005910CF /* french.json in Resources */ = {isa = PBXBuildFile; fileRef = 0ED3C4E629920F4F005910CF /* french.json */; };
		0ED3C4E929920F62005910CF /* english.json in Resources */ = {isa = PBXBuildFile; fileRef = 0ED3C4E829920F62005910CF /* english.json */; };
		0ED3C4EE2992ECF8005910CF /* .swiftlint.yml in Resources */ = {isa = PBXBuildFile; fileRef = 0ED3C4ED2992ECF8005910CF /* .swiftlint.yml */; };
		0ED3C4F22992F768005910CF /* ProjectUIView.swift in Sources */ = {isa = PBXBuildFile; fileRef = 0ED3C4F12992F768005910CF /* ProjectUIView.swift */; };
		0ED3C4F42992FE9F005910CF /* version.md in Resources */ = {isa = PBXBuildFile; fileRef = 0ED3C4F32992FE9F005910CF /* version.md */; };
		0ED3C4F62993065B005910CF /* LongTopicUIView.swift in Sources */ = {isa = PBXBuildFile; fileRef = 0ED3C4F52993065B005910CF /* LongTopicUIView.swift */; };
		0ED3C4F929931FF9005910CF /* TopicViewController.swift in Sources */ = {isa = PBXBuildFile; fileRef = 0ED3C4F829931FF9005910CF /* TopicViewController.swift */; };
		0ED3C4FD299326B1005910CF /* Topic+Json.swift in Sources */ = {isa = PBXBuildFile; fileRef = 0ED3C4FC299326B1005910CF /* Topic+Json.swift */; };
		0ED3C4FF29932A4C005910CF /* JsonService.swift in Sources */ = {isa = PBXBuildFile; fileRef = 0ED3C4FE29932A4C005910CF /* JsonService.swift */; };
		0ED3C5012993303C005910CF /* TopicTableViewCell.swift in Sources */ = {isa = PBXBuildFile; fileRef = 0ED3C5002993303C005910CF /* TopicTableViewCell.swift */; };
		0ED3C50329937A7D005910CF /* ItemTableViewCell.swift in Sources */ = {isa = PBXBuildFile; fileRef = 0ED3C50229937A7D005910CF /* ItemTableViewCell.swift */; };
/* End PBXBuildFile section */

/* Begin PBXContainerItemProxy section */
		0E0350B52994E14C00AEC8A2 /* PBXContainerItemProxy */ = {
			isa = PBXContainerItemProxy;
			containerPortal = 0ED3C4B52992056E005910CF /* Project object */;
			proxyType = 1;
			remoteGlobalIDString = 0ED3C4BC2992056E005910CF;
			remoteInfo = collapse;
		};
/* End PBXContainerItemProxy section */

/* Begin PBXFileReference section */
		0E0350B12994E14C00AEC8A2 /* collapseTests.xctest */ = {isa = PBXFileReference; explicitFileType = wrapper.cfbundle; includeInIndex = 0; path = collapseTests.xctest; sourceTree = BUILT_PRODUCTS_DIR; };
		0E0350B32994E14C00AEC8A2 /* collapseTests.swift */ = {isa = PBXFileReference; lastKnownFileType = sourcecode.swift; path = collapseTests.swift; sourceTree = "<group>"; };
		0E0350BD29950B1A00AEC8A2 /* SettingsRepository.swift */ = {isa = PBXFileReference; lastKnownFileType = sourcecode.swift; path = SettingsRepository.swift; sourceTree = "<group>"; };
		0E0350BF2995A2A900AEC8A2 /* PercentCircleUIView.swift */ = {isa = PBXFileReference; lastKnownFileType = sourcecode.swift; path = PercentCircleUIView.swift; sourceTree = "<group>"; };
		0E0350C12995B27A00AEC8A2 /* empty.json */ = {isa = PBXFileReference; lastKnownFileType = text.json; path = empty.json; sourceTree = "<group>"; };
		0E0350C52995B52100AEC8A2 /* AllTopicsViewController.swift */ = {isa = PBXFileReference; lastKnownFileType = sourcecode.swift; path = AllTopicsViewController.swift; sourceTree = "<group>"; };
		0E0350C82995DD7700AEC8A2 /* Class+WebLink.swift */ = {isa = PBXFileReference; lastKnownFileType = sourcecode.swift; path = "Class+WebLink.swift"; sourceTree = "<group>"; };
		0E0350CA2995E33A00AEC8A2 /* ScoreService.swift */ = {isa = PBXFileReference; lastKnownFileType = sourcecode.swift; path = ScoreService.swift; sourceTree = "<group>"; };
		0E0350CC2996350E00AEC8A2 /* SettingsTableViewController.swift */ = {isa = PBXFileReference; lastKnownFileType = sourcecode.swift; path = SettingsTableViewController.swift; sourceTree = "<group>"; };
		0E161CEB299B0C9D00C61DEA /* SearchTableViewCell.swift */ = {isa = PBXFileReference; lastKnownFileType = sourcecode.swift; path = SearchTableViewCell.swift; sourceTree = "<group>"; };
		0E161CED299B45FE00C61DEA /* Extension+UIViewController.swift */ = {isa = PBXFileReference; lastKnownFileType = sourcecode.swift; path = "Extension+UIViewController.swift"; sourceTree = "<group>"; };
		0E161CF7299B713A00C61DEA /* en */ = {isa = PBXFileReference; lastKnownFileType = text.plist.strings; name = en; path = en.lproj/localized.strings; sourceTree = "<group>"; };
		0E161CFC299B7A7900C61DEA /* en */ = {isa = PBXFileReference; lastKnownFileType = file.storyboard; name = en; path = en.lproj/Main.storyboard; sourceTree = "<group>"; };
		0E161D02299B886900C61DEA /* fr */ = {isa = PBXFileReference; lastKnownFileType = text.plist.strings; name = fr; path = fr.lproj/localized.strings; sourceTree = "<group>"; };
		0E161D03299D7D4F00C61DEA /* PremiumService.swift */ = {isa = PBXFileReference; lastKnownFileType = sourcecode.swift; path = PremiumService.swift; sourceTree = "<group>"; };
		0E18B32D2996D8C5000F1A1F /* Constants.swift */ = {isa = PBXFileReference; lastKnownFileType = sourcecode.swift; path = Constants.swift; sourceTree = "<group>"; };
		0E18B32F2996E613000F1A1F /* SettingsScheme.swift */ = {isa = PBXFileReference; lastKnownFileType = sourcecode.swift; path = SettingsScheme.swift; sourceTree = "<group>"; };
		0E18B3312996E929000F1A1F /* DisclaimerViewController.swift */ = {isa = PBXFileReference; lastKnownFileType = sourcecode.swift; path = DisclaimerViewController.swift; sourceTree = "<group>"; };
		0E18B333299707D3000F1A1F /* Extension+String.swift */ = {isa = PBXFileReference; lastKnownFileType = sourcecode.swift; path = "Extension+String.swift"; sourceTree = "<group>"; };
		0E18B33529974D69000F1A1F /* Mode.swift */ = {isa = PBXFileReference; lastKnownFileType = sourcecode.swift; path = Mode.swift; sourceTree = "<group>"; };
		0E18B33729975399000F1A1F /* SettingsViewController.swift */ = {isa = PBXFileReference; lastKnownFileType = sourcecode.swift; path = SettingsViewController.swift; sourceTree = "<group>"; };
		0E18B33929975741000F1A1F /* ThanksViewController.swift */ = {isa = PBXFileReference; lastKnownFileType = sourcecode.swift; path = ThanksViewController.swift; sourceTree = "<group>"; };
		0E18B33B29975F4D000F1A1F /* Class+Alert.swift */ = {isa = PBXFileReference; lastKnownFileType = sourcecode.swift; path = "Class+Alert.swift"; sourceTree = "<group>"; };
		0E7F674C299E13CE006807EC /* ItemViewController.swift */ = {isa = PBXFileReference; lastKnownFileType = sourcecode.swift; path = ItemViewController.swift; sourceTree = "<group>"; };
		0E7F6758299F12D9006807EC /* TextItemTableViewCell.swift */ = {isa = PBXFileReference; lastKnownFileType = sourcecode.swift; path = TextItemTableViewCell.swift; sourceTree = "<group>"; };
		0E7F675A299F1C77006807EC /* BulletItemTableViewCell.swift */ = {isa = PBXFileReference; lastKnownFileType = sourcecode.swift; path = BulletItemTableViewCell.swift; sourceTree = "<group>"; };
		0E7F675C299F1DA2006807EC /* ImageItemTableViewCell.swift */ = {isa = PBXFileReference; lastKnownFileType = sourcecode.swift; path = ImageItemTableViewCell.swift; sourceTree = "<group>"; };
		0E900627299DD50D00683094 /* inprogress.json */ = {isa = PBXFileReference; lastKnownFileType = text.json; path = inprogress.json; sourceTree = "<group>"; };
		0E900629299DD8C300683094 /* workinprogress.swift */ = {isa = PBXFileReference; lastKnownFileType = sourcecode.swift; path = workinprogress.swift; sourceTree = "<group>"; };
		0E90062B299DE11800683094 /* thanks.json */ = {isa = PBXFileReference; lastKnownFileType = text.json; path = thanks.json; sourceTree = "<group>"; };
		0ED2E7D529983EE800BD5B0F /* TopicCollectionViewCell.swift */ = {isa = PBXFileReference; lastKnownFileType = sourcecode.swift; path = TopicCollectionViewCell.swift; sourceTree = "<group>"; };
		0ED2E7F72998C95200BD5B0F /* Extension+UILabel.swift */ = {isa = PBXFileReference; lastKnownFileType = sourcecode.swift; path = "Extension+UILabel.swift"; sourceTree = "<group>"; };
		0ED3390629999642006260AC /* PremiumViewController.swift */ = {isa = PBXFileReference; lastKnownFileType = sourcecode.swift; path = PremiumViewController.swift; sourceTree = "<group>"; };
		0ED3390A299A2DD5006260AC /* SearchViewController.swift */ = {isa = PBXFileReference; lastKnownFileType = sourcecode.swift; path = SearchViewController.swift; sourceTree = "<group>"; };
		0ED3C4BD2992056E005910CF /* collapse.app */ = {isa = PBXFileReference; explicitFileType = wrapper.application; includeInIndex = 0; path = collapse.app; sourceTree = BUILT_PRODUCTS_DIR; };
		0ED3C4C02992056E005910CF /* AppDelegate.swift */ = {isa = PBXFileReference; lastKnownFileType = sourcecode.swift; path = AppDelegate.swift; sourceTree = "<group>"; };
		0ED3C4C22992056E005910CF /* SceneDelegate.swift */ = {isa = PBXFileReference; lastKnownFileType = sourcecode.swift; path = SceneDelegate.swift; sourceTree = "<group>"; };
		0ED3C4C42992056E005910CF /* MainViewController.swift */ = {isa = PBXFileReference; lastKnownFileType = sourcecode.swift; path = MainViewController.swift; sourceTree = "<group>"; };
		0ED3C4CA2992056E005910CF /* collapse.xcdatamodel */ = {isa = PBXFileReference; lastKnownFileType = wrapper.xcdatamodel; path = collapse.xcdatamodel; sourceTree = "<group>"; };
		0ED3C4CC2992056F005910CF /* Assets.xcassets */ = {isa = PBXFileReference; lastKnownFileType = folder.assetcatalog; path = Assets.xcassets; sourceTree = "<group>"; };
		0ED3C4CF2992056F005910CF /* Base */ = {isa = PBXFileReference; lastKnownFileType = file.storyboard; name = Base; path = Base.lproj/LaunchScreen.storyboard; sourceTree = "<group>"; };
		0ED3C4D12992056F005910CF /* Info.plist */ = {isa = PBXFileReference; lastKnownFileType = text.plist.xml; path = Info.plist; sourceTree = "<group>"; };
		0ED3C4E629920F4F005910CF /* french.json */ = {isa = PBXFileReference; lastKnownFileType = text.json; path = french.json; sourceTree = "<group>"; };
		0ED3C4E829920F62005910CF /* english.json */ = {isa = PBXFileReference; lastKnownFileType = text.json; path = english.json; sourceTree = "<group>"; };
		0ED3C4ED2992ECF8005910CF /* .swiftlint.yml */ = {isa = PBXFileReference; lastKnownFileType = text.yaml; path = .swiftlint.yml; sourceTree = "<group>"; };
		0ED3C4F12992F768005910CF /* ProjectUIView.swift */ = {isa = PBXFileReference; lastKnownFileType = sourcecode.swift; path = ProjectUIView.swift; sourceTree = "<group>"; };
		0ED3C4F32992FE9F005910CF /* version.md */ = {isa = PBXFileReference; lastKnownFileType = net.daringfireball.markdown; path = version.md; sourceTree = "<group>"; };
		0ED3C4F52993065B005910CF /* LongTopicUIView.swift */ = {isa = PBXFileReference; lastKnownFileType = sourcecode.swift; path = LongTopicUIView.swift; sourceTree = "<group>"; };
		0ED3C4F829931FF9005910CF /* TopicViewController.swift */ = {isa = PBXFileReference; lastKnownFileType = sourcecode.swift; path = TopicViewController.swift; sourceTree = "<group>"; };
		0ED3C4FC299326B1005910CF /* Topic+Json.swift */ = {isa = PBXFileReference; lastKnownFileType = sourcecode.swift; path = "Topic+Json.swift"; sourceTree = "<group>"; };
		0ED3C4FE29932A4C005910CF /* JsonService.swift */ = {isa = PBXFileReference; lastKnownFileType = sourcecode.swift; path = JsonService.swift; sourceTree = "<group>"; };
		0ED3C5002993303C005910CF /* TopicTableViewCell.swift */ = {isa = PBXFileReference; lastKnownFileType = sourcecode.swift; path = TopicTableViewCell.swift; sourceTree = "<group>"; };
		0ED3C50229937A7D005910CF /* ItemTableViewCell.swift */ = {isa = PBXFileReference; lastKnownFileType = sourcecode.swift; path = ItemTableViewCell.swift; sourceTree = "<group>"; };
/* End PBXFileReference section */

/* Begin PBXFrameworksBuildPhase section */
		0E0350AE2994E14C00AEC8A2 /* Frameworks */ = {
			isa = PBXFrameworksBuildPhase;
			buildActionMask = 2147483647;
			files = (
			);
			runOnlyForDeploymentPostprocessing = 0;
		};
		0ED3C4BA2992056E005910CF /* Frameworks */ = {
			isa = PBXFrameworksBuildPhase;
			buildActionMask = 2147483647;
			files = (
			);
			runOnlyForDeploymentPostprocessing = 0;
		};
/* End PBXFrameworksBuildPhase section */

/* Begin PBXGroup section */
		0E0350B22994E14C00AEC8A2 /* collapseTests */ = {
			isa = PBXGroup;
			children = (
				0E0350B32994E14C00AEC8A2 /* collapseTests.swift */,
			);
			path = collapseTests;
			sourceTree = "<group>";
		};
		0E0350C72995DCA400AEC8A2 /* Helpers */ = {
			isa = PBXGroup;
			children = (
				0E18B32D2996D8C5000F1A1F /* Constants.swift */,
				0E18B33529974D69000F1A1F /* Mode.swift */,
			);
			path = Helpers;
			sourceTree = "<group>";
		};
		0ED3C4B42992056E005910CF = {
			isa = PBXGroup;
			children = (
				0ED3C4F32992FE9F005910CF /* version.md */,
				0ED3C4ED2992ECF8005910CF /* .swiftlint.yml */,
				0ED3C4BF2992056E005910CF /* collapse */,
				0E0350B22994E14C00AEC8A2 /* collapseTests */,
				0ED3C4BE2992056E005910CF /* Products */,
			);
			sourceTree = "<group>";
		};
		0ED3C4BE2992056E005910CF /* Products */ = {
			isa = PBXGroup;
			children = (
				0ED3C4BD2992056E005910CF /* collapse.app */,
				0E0350B12994E14C00AEC8A2 /* collapseTests.xctest */,
			);
			name = Products;
			sourceTree = "<group>";
		};
		0ED3C4BF2992056E005910CF /* collapse */ = {
			isa = PBXGroup;
			children = (
				0E0350C72995DCA400AEC8A2 /* Helpers */,
				0ED3C4F729931FE7005910CF /* Controller */,
				0ED3C4E1299207D7005910CF /* Model */,
				0ED3C4DE299207AF005910CF /* Extensions */,
				0ED3C4D929920631005910CF /* Ressources */,
				0ED3C4D7299205F6005910CF /* View */,
				0ED3C4D8299205FD005910CF /* Supporting Files */,
				0ED3C4D12992056F005910CF /* Info.plist */,
				0ED3C4C92992056E005910CF /* collapse.xcdatamodeld */,
			);
			path = collapse;
			sourceTree = "<group>";
		};
		0ED3C4D7299205F6005910CF /* View */ = {
			isa = PBXGroup;
			children = (
				0ED3C4CE2992056F005910CF /* LaunchScreen.storyboard */,
				0ED3C4C62992056E005910CF /* Main.storyboard */,
				0E7F675A299F1C77006807EC /* BulletItemTableViewCell.swift */,
				0ED3C50229937A7D005910CF /* ItemTableViewCell.swift */,
				0ED3C4F52993065B005910CF /* LongTopicUIView.swift */,
				0E0350BF2995A2A900AEC8A2 /* PercentCircleUIView.swift */,
				0ED3C4F12992F768005910CF /* ProjectUIView.swift */,
				0E161CEB299B0C9D00C61DEA /* SearchTableViewCell.swift */,
				0ED3C5002993303C005910CF /* TopicTableViewCell.swift */,
				0ED2E7D529983EE800BD5B0F /* TopicCollectionViewCell.swift */,
				0E7F6758299F12D9006807EC /* TextItemTableViewCell.swift */,
				0E7F675C299F1DA2006807EC /* ImageItemTableViewCell.swift */,
			);
			path = View;
			sourceTree = "<group>";
		};
		0ED3C4D8299205FD005910CF /* Supporting Files */ = {
			isa = PBXGroup;
			children = (
				0ED3C4C02992056E005910CF /* AppDelegate.swift */,
				0ED3C4C22992056E005910CF /* SceneDelegate.swift */,
			);
			path = "Supporting Files";
			sourceTree = "<group>";
		};
		0ED3C4D929920631005910CF /* Ressources */ = {
			isa = PBXGroup;
			children = (
				0E161CF8299B713A00C61DEA /* localized.strings */,
				0ED3C4DF299207BF005910CF /* Data */,
				0ED3C4CC2992056F005910CF /* Assets.xcassets */,
			);
			path = Ressources;
			sourceTree = "<group>";
		};
		0ED3C4DE299207AF005910CF /* Extensions */ = {
			isa = PBXGroup;
			children = (
				0E0350C82995DD7700AEC8A2 /* Class+WebLink.swift */,
				0E18B33B29975F4D000F1A1F /* Class+Alert.swift */,
				0E18B333299707D3000F1A1F /* Extension+String.swift */,
				0ED2E7F72998C95200BD5B0F /* Extension+UILabel.swift */,
				0E161CED299B45FE00C61DEA /* Extension+UIViewController.swift */,
			);
			path = Extensions;
			sourceTree = "<group>";
		};
		0ED3C4DF299207BF005910CF /* Data */ = {
			isa = PBXGroup;
			children = (
				0ED3C4E629920F4F005910CF /* french.json */,
				0ED3C4E829920F62005910CF /* english.json */,
				0E0350C12995B27A00AEC8A2 /* empty.json */,
				0E900627299DD50D00683094 /* inprogress.json */,
				0E900629299DD8C300683094 /* workinprogress.swift */,
				0E90062B299DE11800683094 /* thanks.json */,
			);
			path = Data;
			sourceTree = "<group>";
		};
		0ED3C4E1299207D7005910CF /* Model */ = {
			isa = PBXGroup;
			children = (
				0ED3C4FE29932A4C005910CF /* JsonService.swift */,
				0E0350BD29950B1A00AEC8A2 /* SettingsRepository.swift */,
				0E0350CA2995E33A00AEC8A2 /* ScoreService.swift */,
				0E18B32F2996E613000F1A1F /* SettingsScheme.swift */,
				0ED3C4FC299326B1005910CF /* Topic+Json.swift */,
				0E161D03299D7D4F00C61DEA /* PremiumService.swift */,
			);
			path = Model;
			sourceTree = "<group>";
		};
		0ED3C4F729931FE7005910CF /* Controller */ = {
			isa = PBXGroup;
			children = (
				0E0350C52995B52100AEC8A2 /* AllTopicsViewController.swift */,
				0E18B3312996E929000F1A1F /* DisclaimerViewController.swift */,
				0ED3C4C42992056E005910CF /* MainViewController.swift */,
				0E18B33729975399000F1A1F /* SettingsViewController.swift */,
				0E0350CC2996350E00AEC8A2 /* SettingsTableViewController.swift */,
				0ED3390A299A2DD5006260AC /* SearchViewController.swift */,
				0ED3C4F829931FF9005910CF /* TopicViewController.swift */,
				0E18B33929975741000F1A1F /* ThanksViewController.swift */,
				0ED3390629999642006260AC /* PremiumViewController.swift */,
				0E7F674C299E13CE006807EC /* ItemViewController.swift */,
			);
			path = Controller;
			sourceTree = "<group>";
		};
/* End PBXGroup section */

/* Begin PBXNativeTarget section */
		0E0350B02994E14C00AEC8A2 /* collapseTests */ = {
			isa = PBXNativeTarget;
			buildConfigurationList = 0E0350B92994E14C00AEC8A2 /* Build configuration list for PBXNativeTarget "collapseTests" */;
			buildPhases = (
				0E0350AD2994E14C00AEC8A2 /* Sources */,
				0E0350AE2994E14C00AEC8A2 /* Frameworks */,
				0E0350AF2994E14C00AEC8A2 /* Resources */,
			);
			buildRules = (
			);
			dependencies = (
				0E0350B62994E14C00AEC8A2 /* PBXTargetDependency */,
			);
			name = collapseTests;
			productName = collapseTests;
			productReference = 0E0350B12994E14C00AEC8A2 /* collapseTests.xctest */;
			productType = "com.apple.product-type.bundle.unit-test";
		};
		0ED3C4BC2992056E005910CF /* collapse */ = {
			isa = PBXNativeTarget;
			buildConfigurationList = 0ED3C4D42992056F005910CF /* Build configuration list for PBXNativeTarget "collapse" */;
			buildPhases = (
				0ED3C4B92992056E005910CF /* Sources */,
				0ED3C4BA2992056E005910CF /* Frameworks */,
				0ED3C4BB2992056E005910CF /* Resources */,
				0ED3C4EC2992ECD9005910CF /* ShellScript */,
			);
			buildRules = (
			);
			dependencies = (
			);
			name = collapse;
			productName = collapse;
			productReference = 0ED3C4BD2992056E005910CF /* collapse.app */;
			productType = "com.apple.product-type.application";
		};
/* End PBXNativeTarget section */

/* Begin PBXProject section */
		0ED3C4B52992056E005910CF /* Project object */ = {
			isa = PBXProject;
			attributes = {
				BuildIndependentTargetsInParallel = 1;
				LastSwiftUpdateCheck = 1420;
				LastUpgradeCheck = 1420;
				TargetAttributes = {
					0E0350B02994E14C00AEC8A2 = {
						CreatedOnToolsVersion = 14.2;
						TestTargetID = 0ED3C4BC2992056E005910CF;
					};
					0ED3C4BC2992056E005910CF = {
						CreatedOnToolsVersion = 14.2;
					};
				};
			};
			buildConfigurationList = 0ED3C4B82992056E005910CF /* Build configuration list for PBXProject "collapse" */;
			compatibilityVersion = "Xcode 14.0";
			developmentRegion = en;
			hasScannedForEncodings = 0;
			knownRegions = (
				en,
				Base,
				fr,
			);
			mainGroup = 0ED3C4B42992056E005910CF;
			productRefGroup = 0ED3C4BE2992056E005910CF /* Products */;
			projectDirPath = "";
			projectRoot = "";
			targets = (
				0ED3C4BC2992056E005910CF /* collapse */,
				0E0350B02994E14C00AEC8A2 /* collapseTests */,
			);
		};
/* End PBXProject section */

/* Begin PBXResourcesBuildPhase section */
		0E0350AF2994E14C00AEC8A2 /* Resources */ = {
			isa = PBXResourcesBuildPhase;
			buildActionMask = 2147483647;
			files = (
				0E0350BA2994E40300AEC8A2 /* french.json in Resources */,
			);
			runOnlyForDeploymentPostprocessing = 0;
		};
		0ED3C4BB2992056E005910CF /* Resources */ = {
			isa = PBXResourcesBuildPhase;
			buildActionMask = 2147483647;
			files = (
				0ED3C4EE2992ECF8005910CF /* .swiftlint.yml in Resources */,
				0E161CF6299B713A00C61DEA /* localized.strings in Resources */,
				0E0350C22995B27A00AEC8A2 /* empty.json in Resources */,
				0ED3C4E929920F62005910CF /* english.json in Resources */,
				0ED3C4D02992056F005910CF /* LaunchScreen.storyboard in Resources */,
				0ED3C4E729920F4F005910CF /* french.json in Resources */,
				0E90062C299DE11800683094 /* thanks.json in Resources */,
				0ED3C4CD2992056F005910CF /* Assets.xcassets in Resources */,
				0E900628299DD50D00683094 /* inprogress.json in Resources */,
				0ED3C4F42992FE9F005910CF /* version.md in Resources */,
				0ED3C4C82992056E005910CF /* Main.storyboard in Resources */,
			);
			runOnlyForDeploymentPostprocessing = 0;
		};
/* End PBXResourcesBuildPhase section */

/* Begin PBXShellScriptBuildPhase section */
		0ED3C4EC2992ECD9005910CF /* ShellScript */ = {
			isa = PBXShellScriptBuildPhase;
			alwaysOutOfDate = 1;
			buildActionMask = 2147483647;
			files = (
			);
			inputFileListPaths = (
			);
			inputPaths = (
			);
			outputFileListPaths = (
			);
			outputPaths = (
			);
			runOnlyForDeploymentPostprocessing = 0;
			shellPath = /bin/sh;
			shellScript = "# Type a script or drag a script file from your workspace to insert its path.\nif test -d \"/opt/homebrew/bin/\"; then\n  PATH=\"/opt/homebrew/bin/:${PATH}\"\nfi\n\nexport PATH\n\nif which swiftlint >/dev/null; then\n  swiftlint\nelse\n  echo \"warning: SwiftLint not installed, download from https://github.com/realm/SwiftLint\"\nfi\n";
		};
/* End PBXShellScriptBuildPhase section */

/* Begin PBXSourcesBuildPhase section */
		0E0350AD2994E14C00AEC8A2 /* Sources */ = {
			isa = PBXSourcesBuildPhase;
			buildActionMask = 2147483647;
			files = (
				0E900624299DC8D600683094 /* Topic+Json.swift in Sources */,
				0E0350B42994E14C00AEC8A2 /* collapseTests.swift in Sources */,
				0E900623299DC89F00683094 /* JsonService.swift in Sources */,
			);
			runOnlyForDeploymentPostprocessing = 0;
		};
		0ED3C4B92992056E005910CF /* Sources */ = {
			isa = PBXSourcesBuildPhase;
			buildActionMask = 2147483647;
			files = (
				0E161CEE299B45FE00C61DEA /* Extension+UIViewController.swift in Sources */,
				0ED3390B299A2DD5006260AC /* SearchViewController.swift in Sources */,
				0E161D04299D7D4F00C61DEA /* PremiumService.swift in Sources */,
				0ED2E7F82998C95200BD5B0F /* Extension+UILabel.swift in Sources */,
				0E0350C92995DD7700AEC8A2 /* Class+WebLink.swift in Sources */,
				0E18B32E2996D8C5000F1A1F /* Constants.swift in Sources */,
				0E7F675B299F1C77006807EC /* BulletItemTableViewCell.swift in Sources */,
				0E18B3322996E929000F1A1F /* DisclaimerViewController.swift in Sources */,
				0ED3C4F62993065B005910CF /* LongTopicUIView.swift in Sources */,
				0E0350BE29950B1A00AEC8A2 /* SettingsRepository.swift in Sources */,
				0ED3C4F22992F768005910CF /* ProjectUIView.swift in Sources */,
				0ED3C4F929931FF9005910CF /* TopicViewController.swift in Sources */,
				0E7F675D299F1DA2006807EC /* ImageItemTableViewCell.swift in Sources */,
				0ED2E7D629983EE800BD5B0F /* TopicCollectionViewCell.swift in Sources */,
				0E0350CB2995E33A00AEC8A2 /* ScoreService.swift in Sources */,
				0E18B33629974D69000F1A1F /* Mode.swift in Sources */,
				0ED3C4CB2992056E005910CF /* collapse.xcdatamodeld in Sources */,
				0E7F6759299F12D9006807EC /* TextItemTableViewCell.swift in Sources */,
				0E0350CD2996350E00AEC8A2 /* SettingsTableViewController.swift in Sources */,
				0ED3C50329937A7D005910CF /* ItemTableViewCell.swift in Sources */,
				0E18B33C29975F4D000F1A1F /* Class+Alert.swift in Sources */,
				0ED3390729999642006260AC /* PremiumViewController.swift in Sources */,
				0E18B334299707D3000F1A1F /* Extension+String.swift in Sources */,
				0ED3C4FF29932A4C005910CF /* JsonService.swift in Sources */,
				0E18B33A29975741000F1A1F /* ThanksViewController.swift in Sources */,
				0E0350C62995B52100AEC8A2 /* AllTopicsViewController.swift in Sources */,
				0ED3C4C52992056E005910CF /* MainViewController.swift in Sources */,
				0ED3C5012993303C005910CF /* TopicTableViewCell.swift in Sources */,
				0E0350C02995A2A900AEC8A2 /* PercentCircleUIView.swift in Sources */,
				0ED3C4FD299326B1005910CF /* Topic+Json.swift in Sources */,
				0E18B3302996E613000F1A1F /* SettingsScheme.swift in Sources */,
				0ED3C4C12992056E005910CF /* AppDelegate.swift in Sources */,
				0E7F674D299E13CE006807EC /* ItemViewController.swift in Sources */,
				0ED3C4C32992056E005910CF /* SceneDelegate.swift in Sources */,
				0E161CEC299B0C9D00C61DEA /* SearchTableViewCell.swift in Sources */,
				0E18B33829975399000F1A1F /* SettingsViewController.swift in Sources */,
			);
			runOnlyForDeploymentPostprocessing = 0;
		};
/* End PBXSourcesBuildPhase section */

/* Begin PBXTargetDependency section */
		0E0350B62994E14C00AEC8A2 /* PBXTargetDependency */ = {
			isa = PBXTargetDependency;
			target = 0ED3C4BC2992056E005910CF /* collapse */;
			targetProxy = 0E0350B52994E14C00AEC8A2 /* PBXContainerItemProxy */;
		};
/* End PBXTargetDependency section */

/* Begin PBXVariantGroup section */
		0E161CF8299B713A00C61DEA /* localized.strings */ = {
			isa = PBXVariantGroup;
			children = (
				0E161CF7299B713A00C61DEA /* en */,
				0E161D02299B886900C61DEA /* fr */,
			);
			name = localized.strings;
			sourceTree = "<group>";
		};
		0ED3C4C62992056E005910CF /* Main.storyboard */ = {
			isa = PBXVariantGroup;
			children = (
				0E161CFC299B7A7900C61DEA /* en */,
			);
			name = Main.storyboard;
			sourceTree = "<group>";
		};
		0ED3C4CE2992056F005910CF /* LaunchScreen.storyboard */ = {
			isa = PBXVariantGroup;
			children = (
				0ED3C4CF2992056F005910CF /* Base */,
			);
			name = LaunchScreen.storyboard;
			sourceTree = "<group>";
		};
/* End PBXVariantGroup section */

/* Begin XCBuildConfiguration section */
		0E0350B72994E14C00AEC8A2 /* Debug */ = {
			isa = XCBuildConfiguration;
			buildSettings = {
				BUNDLE_LOADER = "$(TEST_HOST)";
				CODE_SIGN_STYLE = Automatic;
				CURRENT_PROJECT_VERSION = 1;
				DEVELOPMENT_TEAM = SH7JJZG8WD;
				GENERATE_INFOPLIST_FILE = YES;
				MARKETING_VERSION = 1.0;
				PRODUCT_BUNDLE_IDENTIFIER = aupi.collapseTests;
				PRODUCT_NAME = "$(TARGET_NAME)";
				SWIFT_EMIT_LOC_STRINGS = NO;
				SWIFT_VERSION = 5.0;
				TARGETED_DEVICE_FAMILY = "1,2";
				TEST_HOST = "$(BUILT_PRODUCTS_DIR)/collapse.app/$(BUNDLE_EXECUTABLE_FOLDER_PATH)/collapse";
			};
			name = Debug;
		};
		0E0350B82994E14C00AEC8A2 /* Release */ = {
			isa = XCBuildConfiguration;
			buildSettings = {
				BUNDLE_LOADER = "$(TEST_HOST)";
				CODE_SIGN_STYLE = Automatic;
				CURRENT_PROJECT_VERSION = 1;
				DEVELOPMENT_TEAM = SH7JJZG8WD;
				GENERATE_INFOPLIST_FILE = YES;
				MARKETING_VERSION = 1.0;
				PRODUCT_BUNDLE_IDENTIFIER = aupi.collapseTests;
				PRODUCT_NAME = "$(TARGET_NAME)";
				SWIFT_EMIT_LOC_STRINGS = NO;
				SWIFT_VERSION = 5.0;
				TARGETED_DEVICE_FAMILY = "1,2";
				TEST_HOST = "$(BUILT_PRODUCTS_DIR)/collapse.app/$(BUNDLE_EXECUTABLE_FOLDER_PATH)/collapse";
			};
			name = Release;
		};
		0ED3C4D22992056F005910CF /* Debug */ = {
			isa = XCBuildConfiguration;
			buildSettings = {
				ALWAYS_SEARCH_USER_PATHS = NO;
				CLANG_ANALYZER_LOCALIZABILITY_NONLOCALIZED = YES;
				CLANG_ANALYZER_NONNULL = YES;
				CLANG_ANALYZER_NUMBER_OBJECT_CONVERSION = YES_AGGRESSIVE;
				CLANG_CXX_LANGUAGE_STANDARD = "gnu++20";
				CLANG_ENABLE_MODULES = YES;
				CLANG_ENABLE_OBJC_ARC = YES;
				CLANG_ENABLE_OBJC_WEAK = YES;
				CLANG_WARN_BLOCK_CAPTURE_AUTORELEASING = YES;
				CLANG_WARN_BOOL_CONVERSION = YES;
				CLANG_WARN_COMMA = YES;
				CLANG_WARN_CONSTANT_CONVERSION = YES;
				CLANG_WARN_DEPRECATED_OBJC_IMPLEMENTATIONS = YES;
				CLANG_WARN_DIRECT_OBJC_ISA_USAGE = YES_ERROR;
				CLANG_WARN_DOCUMENTATION_COMMENTS = YES;
				CLANG_WARN_EMPTY_BODY = YES;
				CLANG_WARN_ENUM_CONVERSION = YES;
				CLANG_WARN_INFINITE_RECURSION = YES;
				CLANG_WARN_INT_CONVERSION = YES;
				CLANG_WARN_NON_LITERAL_NULL_CONVERSION = YES;
				CLANG_WARN_OBJC_IMPLICIT_RETAIN_SELF = YES;
				CLANG_WARN_OBJC_LITERAL_CONVERSION = YES;
				CLANG_WARN_OBJC_ROOT_CLASS = YES_ERROR;
				CLANG_WARN_QUOTED_INCLUDE_IN_FRAMEWORK_HEADER = YES;
				CLANG_WARN_RANGE_LOOP_ANALYSIS = YES;
				CLANG_WARN_STRICT_PROTOTYPES = YES;
				CLANG_WARN_SUSPICIOUS_MOVE = YES;
				CLANG_WARN_UNGUARDED_AVAILABILITY = YES_AGGRESSIVE;
				CLANG_WARN_UNREACHABLE_CODE = YES;
				CLANG_WARN__DUPLICATE_METHOD_MATCH = YES;
				COPY_PHASE_STRIP = NO;
				DEBUG_INFORMATION_FORMAT = dwarf;
				ENABLE_STRICT_OBJC_MSGSEND = YES;
				ENABLE_TESTABILITY = YES;
				GCC_C_LANGUAGE_STANDARD = gnu11;
				GCC_DYNAMIC_NO_PIC = NO;
				GCC_NO_COMMON_BLOCKS = YES;
				GCC_OPTIMIZATION_LEVEL = 0;
				GCC_PREPROCESSOR_DEFINITIONS = (
					"DEBUG=1",
					"$(inherited)",
				);
				GCC_WARN_64_TO_32_BIT_CONVERSION = YES;
				GCC_WARN_ABOUT_RETURN_TYPE = YES_ERROR;
				GCC_WARN_UNDECLARED_SELECTOR = YES;
				GCC_WARN_UNINITIALIZED_AUTOS = YES_AGGRESSIVE;
				GCC_WARN_UNUSED_FUNCTION = YES;
				GCC_WARN_UNUSED_VARIABLE = YES;
				IPHONEOS_DEPLOYMENT_TARGET = 15.0;
				MTL_ENABLE_DEBUG_INFO = INCLUDE_SOURCE;
				MTL_FAST_MATH = YES;
				ONLY_ACTIVE_ARCH = YES;
				SDKROOT = iphoneos;
				SWIFT_ACTIVE_COMPILATION_CONDITIONS = DEBUG;
				SWIFT_OPTIMIZATION_LEVEL = "-Onone";
			};
			name = Debug;
		};
		0ED3C4D32992056F005910CF /* Release */ = {
			isa = XCBuildConfiguration;
			buildSettings = {
				ALWAYS_SEARCH_USER_PATHS = NO;
				CLANG_ANALYZER_LOCALIZABILITY_NONLOCALIZED = YES;
				CLANG_ANALYZER_NONNULL = YES;
				CLANG_ANALYZER_NUMBER_OBJECT_CONVERSION = YES_AGGRESSIVE;
				CLANG_CXX_LANGUAGE_STANDARD = "gnu++20";
				CLANG_ENABLE_MODULES = YES;
				CLANG_ENABLE_OBJC_ARC = YES;
				CLANG_ENABLE_OBJC_WEAK = YES;
				CLANG_WARN_BLOCK_CAPTURE_AUTORELEASING = YES;
				CLANG_WARN_BOOL_CONVERSION = YES;
				CLANG_WARN_COMMA = YES;
				CLANG_WARN_CONSTANT_CONVERSION = YES;
				CLANG_WARN_DEPRECATED_OBJC_IMPLEMENTATIONS = YES;
				CLANG_WARN_DIRECT_OBJC_ISA_USAGE = YES_ERROR;
				CLANG_WARN_DOCUMENTATION_COMMENTS = YES;
				CLANG_WARN_EMPTY_BODY = YES;
				CLANG_WARN_ENUM_CONVERSION = YES;
				CLANG_WARN_INFINITE_RECURSION = YES;
				CLANG_WARN_INT_CONVERSION = YES;
				CLANG_WARN_NON_LITERAL_NULL_CONVERSION = YES;
				CLANG_WARN_OBJC_IMPLICIT_RETAIN_SELF = YES;
				CLANG_WARN_OBJC_LITERAL_CONVERSION = YES;
				CLANG_WARN_OBJC_ROOT_CLASS = YES_ERROR;
				CLANG_WARN_QUOTED_INCLUDE_IN_FRAMEWORK_HEADER = YES;
				CLANG_WARN_RANGE_LOOP_ANALYSIS = YES;
				CLANG_WARN_STRICT_PROTOTYPES = YES;
				CLANG_WARN_SUSPICIOUS_MOVE = YES;
				CLANG_WARN_UNGUARDED_AVAILABILITY = YES_AGGRESSIVE;
				CLANG_WARN_UNREACHABLE_CODE = YES;
				CLANG_WARN__DUPLICATE_METHOD_MATCH = YES;
				COPY_PHASE_STRIP = NO;
				DEBUG_INFORMATION_FORMAT = "dwarf-with-dsym";
				ENABLE_NS_ASSERTIONS = NO;
				ENABLE_STRICT_OBJC_MSGSEND = YES;
				GCC_C_LANGUAGE_STANDARD = gnu11;
				GCC_NO_COMMON_BLOCKS = YES;
				GCC_WARN_64_TO_32_BIT_CONVERSION = YES;
				GCC_WARN_ABOUT_RETURN_TYPE = YES_ERROR;
				GCC_WARN_UNDECLARED_SELECTOR = YES;
				GCC_WARN_UNINITIALIZED_AUTOS = YES_AGGRESSIVE;
				GCC_WARN_UNUSED_FUNCTION = YES;
				GCC_WARN_UNUSED_VARIABLE = YES;
				IPHONEOS_DEPLOYMENT_TARGET = 15.0;
				MTL_ENABLE_DEBUG_INFO = NO;
				MTL_FAST_MATH = YES;
				SDKROOT = iphoneos;
				SWIFT_COMPILATION_MODE = wholemodule;
				SWIFT_OPTIMIZATION_LEVEL = "-O";
				VALIDATE_PRODUCT = YES;
			};
			name = Release;
		};
		0ED3C4D52992056F005910CF /* Debug */ = {
			isa = XCBuildConfiguration;
			buildSettings = {
				ASSETCATALOG_COMPILER_APPICON_NAME = AppIcon;
				ASSETCATALOG_COMPILER_GLOBAL_ACCENT_COLOR_NAME = AccentColor;
				CODE_SIGN_STYLE = Automatic;
				CURRENT_PROJECT_VERSION = 1;
				DEVELOPMENT_TEAM = SH7JJZG8WD;
				GENERATE_INFOPLIST_FILE = YES;
				INFOPLIST_FILE = collapse/Info.plist;
				INFOPLIST_KEY_UIApplicationSupportsIndirectInputEvents = YES;
				INFOPLIST_KEY_UILaunchStoryboardName = LaunchScreen;
				INFOPLIST_KEY_UIMainStoryboardFile = Main;
				INFOPLIST_KEY_UISupportedInterfaceOrientations = UIInterfaceOrientationPortrait;
				IPHONEOS_DEPLOYMENT_TARGET = 15.0;
				LD_RUNPATH_SEARCH_PATHS = (
					"$(inherited)",
					"@executable_path/Frameworks",
				);
				MARKETING_VERSION = 1.0;
				PRODUCT_BUNDLE_IDENTIFIER = aupi.collapse;
				PRODUCT_NAME = "$(TARGET_NAME)";
				SUPPORTED_PLATFORMS = "iphoneos iphonesimulator";
				SUPPORTS_MACCATALYST = NO;
				SUPPORTS_MAC_DESIGNED_FOR_IPHONE_IPAD = NO;
				SWIFT_EMIT_LOC_STRINGS = YES;
				SWIFT_VERSION = 5.0;
				TARGETED_DEVICE_FAMILY = "1,2";
			};
			name = Debug;
		};
		0ED3C4D62992056F005910CF /* Release */ = {
			isa = XCBuildConfiguration;
			buildSettings = {
				ASSETCATALOG_COMPILER_APPICON_NAME = AppIcon;
				ASSETCATALOG_COMPILER_GLOBAL_ACCENT_COLOR_NAME = AccentColor;
				CODE_SIGN_STYLE = Automatic;
				CURRENT_PROJECT_VERSION = 1;
				DEVELOPMENT_TEAM = SH7JJZG8WD;
				GENERATE_INFOPLIST_FILE = YES;
				INFOPLIST_FILE = collapse/Info.plist;
				INFOPLIST_KEY_UIApplicationSupportsIndirectInputEvents = YES;
				INFOPLIST_KEY_UILaunchStoryboardName = LaunchScreen;
				INFOPLIST_KEY_UIMainStoryboardFile = Main;
				INFOPLIST_KEY_UISupportedInterfaceOrientations = UIInterfaceOrientationPortrait;
				IPHONEOS_DEPLOYMENT_TARGET = 15.0;
				LD_RUNPATH_SEARCH_PATHS = (
					"$(inherited)",
					"@executable_path/Frameworks",
				);
				MARKETING_VERSION = 1.0;
				PRODUCT_BUNDLE_IDENTIFIER = aupi.collapse;
				PRODUCT_NAME = "$(TARGET_NAME)";
				SUPPORTED_PLATFORMS = "iphoneos iphonesimulator";
				SUPPORTS_MACCATALYST = NO;
				SUPPORTS_MAC_DESIGNED_FOR_IPHONE_IPAD = NO;
				SWIFT_EMIT_LOC_STRINGS = YES;
				SWIFT_VERSION = 5.0;
				TARGETED_DEVICE_FAMILY = "1,2";
			};
			name = Release;
		};
/* End XCBuildConfiguration section */

/* Begin XCConfigurationList section */
		0E0350B92994E14C00AEC8A2 /* Build configuration list for PBXNativeTarget "collapseTests" */ = {
			isa = XCConfigurationList;
			buildConfigurations = (
				0E0350B72994E14C00AEC8A2 /* Debug */,
				0E0350B82994E14C00AEC8A2 /* Release */,
			);
			defaultConfigurationIsVisible = 0;
			defaultConfigurationName = Release;
		};
		0ED3C4B82992056E005910CF /* Build configuration list for PBXProject "collapse" */ = {
			isa = XCConfigurationList;
			buildConfigurations = (
				0ED3C4D22992056F005910CF /* Debug */,
				0ED3C4D32992056F005910CF /* Release */,
			);
			defaultConfigurationIsVisible = 0;
			defaultConfigurationName = Release;
		};
		0ED3C4D42992056F005910CF /* Build configuration list for PBXNativeTarget "collapse" */ = {
			isa = XCConfigurationList;
			buildConfigurations = (
				0ED3C4D52992056F005910CF /* Debug */,
				0ED3C4D62992056F005910CF /* Release */,
			);
			defaultConfigurationIsVisible = 0;
			defaultConfigurationName = Release;
		};
/* End XCConfigurationList section */

/* Begin XCVersionGroup section */
		0ED3C4C92992056E005910CF /* collapse.xcdatamodeld */ = {
			isa = XCVersionGroup;
			children = (
				0ED3C4CA2992056E005910CF /* collapse.xcdatamodel */,
			);
			currentVersion = 0ED3C4CA2992056E005910CF /* collapse.xcdatamodel */;
			path = collapse.xcdatamodeld;
			sourceTree = "<group>";
			versionGroupType = wrapper.xcdatamodel;
		};
/* End XCVersionGroup section */
	};
	rootObject = 0ED3C4B52992056E005910CF /* Project object */;
}
